
Microsoft Visual Studio Solution File, Format Version 12.00
# Visual Studio Version 16
VisualStudioVersion = 16.0.29006.145
MinimumVisualStudioVersion = 10.0.40219.1
Project("{FAE04EC0-301F-11D3-BF4B-00C04F79EFBC}") = "ConsoleLetterChanges", "ConsoleLetterChanges\ConsoleLetterChanges.csproj", "{A94A97DD-28C0-449A-9ADA-73BA632BAB3B}"
EndProject
Global
	GlobalSection(SolutionConfigurationPlatforms) = preSolution
		Debug|Any CPU = Debug|Any CPU
		Release|Any CPU = Release|Any CPU
	EndGlobalSection
	GlobalSection(ProjectConfigurationPlatforms) = postSolution
		{A94A97DD-28C0-449A-9ADA-73BA632BAB3B}.Debug|Any CPU.ActiveCfg = Debug|Any CPU
		{A94A97DD-28C0-449A-9ADA-73BA632BAB3B}.Debug|Any CPU.Build.0 = Debug|Any CPU
		{A94A97DD-28C0-449A-9ADA-73BA632BAB3B}.Release|Any CPU.ActiveCfg = Release|Any CPU
		{A94A97DD-28C0-449A-9ADA-73BA632BAB3B}.Release|Any CPU.Build.0 = Release|Any CPU
	EndGlobalSection
	GlobalSection(SolutionProperties) = preSolution
		HideSolutionNode = FALSE
	EndGlobalSection
	GlobalSection(ExtensibilityGlobals) = postSolution
		SolutionGuid = {2DDD7E0E-EB43-401F-B302-22DD959D293C}
	EndGlobalSection
EndGlobal
